{
  "name": "sysmon-fetcher",
  "version": "1.0.0",
  "lockfileVersion": 2,
  "requires": true,
  "packages": {
    "": {
      "version": "1.0.0",
      "license": "MIT",
      "dependencies": {
        "systeminformation": "^4.23.1"
      }
    },
    "node_modules/systeminformation": {
      "version": "4.23.1",
      "resolved": "https://registry.npmjs.org/systeminformation/-/systeminformation-4.23.1.tgz",
      "integrity": "sha512-gtqfvz5jUIMqWn0kkdkV4G8uiLmJckQ+z6aKy1uyE0OPU/6tStubahtZDiF0ajSRVJht+Vd4pX5DDwQLhAapww==",
      "os": [
        "darwin",
        "linux",
        "win32",
        "freebsd",
        "openbsd",
        "netbsd",
        "sunos"
      ],
      "bin": {
        "systeminformation": "lib/cli.js"
      },
      "engines": {
        "node": ">=4.0.0"
      }
    }
  },
  "dependencies": {
    "systeminformation": {
      "version": "4.23.1",
      "resolved": "https://registry.npmjs.org/systeminformation/-/systeminformation-4.23.1.tgz",
      "integrity": "sha512-gtqfvz5jUIMqWn0kkdkV4G8uiLmJckQ+z6aKy1uyE0OPU/6tStubahtZDiF0ajSRVJht+Vd4pX5DDwQLhAapww=="
    }
  }
}
